
Microsoft Visual Studio Solution File, Format Version 12.00
# Visual Studio 15
VisualStudioVersion = 15.0.27004.2006
MinimumVisualStudioVersion = 10.0.40219.1
Project("{FAE04EC0-301F-11D3-BF4B-00C04F79EFBC}") = "App", "SucheApp\App.csproj", "{4EB82FC9-B5D2-4953-90B6-41C240B602EE}"
EndProject
Project("{54435603-DBB4-11D2-8724-00A0C9A8B90C}") = "DateiSuche", "DateiSuche\DateiSuche.vdproj", "{DF98B7D1-0372-4B9D-9D56-0B7539DB610C}"
EndProject
Global
	GlobalSection(SolutionConfigurationPlatforms) = preSolution
		Debug|Any CPU = Debug|Any CPU
		Debug|x64 = Debug|x64
		Release|Any CPU = Release|Any CPU
		Release|x64 = Release|x64
	EndGlobalSection
	GlobalSection(ProjectConfigurationPlatforms) = postSolution
		{4EB82FC9-B5D2-4953-90B6-41C240B602EE}.Debug|Any CPU.ActiveCfg = Debug|Any CPU
		{4EB82FC9-B5D2-4953-90B6-41C240B602EE}.Debug|Any CPU.Build.0 = Debug|Any CPU
		{4EB82FC9-B5D2-4953-90B6-41C240B602EE}.Debug|x64.ActiveCfg = Debug|x64
		{4EB82FC9-B5D2-4953-90B6-41C240B602EE}.Debug|x64.Build.0 = Debug|x64
		{4EB82FC9-B5D2-4953-90B6-41C240B602EE}.Release|Any CPU.ActiveCfg = Release|Any CPU
		{4EB82FC9-B5D2-4953-90B6-41C240B602EE}.Release|Any CPU.Build.0 = Release|Any CPU
		{4EB82FC9-B5D2-4953-90B6-41C240B602EE}.Release|x64.ActiveCfg = Release|x64
		{4EB82FC9-B5D2-4953-90B6-41C240B602EE}.Release|x64.Build.0 = Release|x64
		{DF98B7D1-0372-4B9D-9D56-0B7539DB610C}.Debug|Any CPU.ActiveCfg = Debug
		{DF98B7D1-0372-4B9D-9D56-0B7539DB610C}.Debug|x64.ActiveCfg = Debug
		{DF98B7D1-0372-4B9D-9D56-0B7539DB610C}.Release|Any CPU.ActiveCfg = Release
		{DF98B7D1-0372-4B9D-9D56-0B7539DB610C}.Release|x64.ActiveCfg = Release
	EndGlobalSection
	GlobalSection(SolutionProperties) = preSolution
		HideSolutionNode = FALSE
	EndGlobalSection
	GlobalSection(ExtensibilityGlobals) = postSolution
		SolutionGuid = {6FB7B318-5493-49E6-AEF1-79C47085E7EF}
	EndGlobalSection
EndGlobal
